{
  "name": "virt-peer",
  "version": "1.0.0",
  "lockfileVersion": 1,
  "requires": true,
  "dependencies": {
    "addr-to-ip-port": {
      "version": "1.4.2",
      "resolved": "https://registry.npmjs.org/addr-to-ip-port/-/addr-to-ip-port-1.4.2.tgz",
      "integrity": "sha1-fkb/Hya3qfXjP9g51XrvYwO0xpI="
    },
    "async": {
      "version": "0.2.10",
      "resolved": "https://registry.npmjs.org/async/-/async-0.2.10.tgz",
      "integrity": "sha1-trvgsGdLnXGXCMo43owjfLUmw9E="
    },
    "aws-sign": {
      "version": "0.2.0",
      "resolved": "https://registry.npmjs.org/aws-sign/-/aws-sign-0.2.0.tgz",
      "integrity": "sha1-xVAThWyBlOyFSgy+yQqrWgTOOsU="
    },
    "balanced-match": {
      "version": "1.0.0",
      "resolved": "https://registry.npmjs.org/balanced-match/-/balanced-match-1.0.0.tgz",
      "integrity": "sha1-ibTRmasr7kneFk6gK4nORi1xt2c="
    },
    "bencode": {
      "version": "0.7.0",
      "resolved": "https://registry.npmjs.org/bencode/-/bencode-0.7.0.tgz",
      "integrity": "sha1-gR7WR8ARiUXkG7S7veqaLHihcIM="
    },
    "bitfield": {
      "version": "0.1.0",
      "resolved": "https://registry.npmjs.org/bitfield/-/bitfield-0.1.0.tgz",
      "integrity": "sha1-sF2LXw0J8t81qds7OmLTgIxGxFc="
    },
    "bittorrent-dht": {
      "version": "3.2.6",
      "resolved": "https://registry.npmjs.org/bittorrent-dht/-/bittorrent-dht-3.2.6.tgz",
      "integrity": "sha1-jW9k8AJSWVFTbKQD3dBAwDAJt9U=",
      "requires": {
        "addr-to-ip-port": "1.4.2",
        "bencode": "0.7.0",
        "buffer-equal": "0.0.1",
        "compact2string": "1.4.0",
        "debug": "2.6.9",
        "hat": "0.0.3",
        "inherits": "2.0.3",
        "is-ip": "1.0.0",
        "k-bucket": "0.5.0",
        "network-address": "1.1.2",
        "once": "1.4.0",
        "run-parallel": "1.1.6",
        "simple-get": "1.4.3",
        "string2compact": "1.2.2",
        "thunky": "0.1.0"
      }
    },
    "bittorrent-tracker": {
      "version": "2.12.1",
      "resolved": "https://registry.npmjs.org/bittorrent-tracker/-/bittorrent-tracker-2.12.1.tgz",
      "integrity": "sha1-Vi8OQ8Y0DQA7CMXa09S/8Os/1k0=",
      "requires": {
        "bencode": "0.6.0",
        "bn.js": "1.3.0",
        "buffer-equal": "0.0.1",
        "compact2string": "1.4.0",
        "debug": "2.6.9",
        "extend.js": "0.0.2",
        "hat": "0.0.3",
        "inherits": "2.0.3",
        "ip": "0.3.3",
        "once": "1.4.0",
        "portfinder": "0.3.0",
        "run-series": "1.1.4",
        "simple-get": "1.4.3",
        "string2compact": "1.2.2"
      },
      "dependencies": {
        "bencode": {
          "version": "0.6.0",
          "resolved": "https://registry.npmjs.org/bencode/-/bencode-0.6.0.tgz",
          "integrity": "sha1-BNYZDh10Z8Vqlp4alNFmgHbqwFA="
        }
      }
    },
    "bn.js": {
      "version": "1.3.0",
      "resolved": "https://registry.npmjs.org/bn.js/-/bn.js-1.3.0.tgz",
      "integrity": "sha1-DbTL+W+PI7dC9by50ap6mZSgXoM="
    },
    "bncode": {
      "version": "0.5.3",
      "resolved": "https://registry.npmjs.org/bncode/-/bncode-0.5.3.tgz",
      "integrity": "sha1-4WZhaXRS1Da/mIYjjMeRsI1mpho="
    },
    "boom": {
      "version": "0.3.8",
      "resolved": "https://registry.npmjs.org/boom/-/boom-0.3.8.tgz",
      "integrity": "sha1-yM2wQUNZEnQWKMBE7Mcy0dF8Ceo=",
      "requires": {
        "hoek": "0.7.6"
      }
    },
    "brace-expansion": {
      "version": "1.1.11",
      "resolved": "https://registry.npmjs.org/brace-expansion/-/brace-expansion-1.1.11.tgz",
      "integrity": "sha512-iCuPHDFgrHX7H2vEI/5xpz07zSHB00TpugqhmYtVmMO6518mCuRMoOYFldEBl0g187ufozdaHgWKcYFb61qGiA==",
      "requires": {
        "balanced-match": "1.0.0",
        "concat-map": "0.0.1"
      }
    },
    "buffer-equal": {
      "version": "0.0.1",
      "resolved": "https://registry.npmjs.org/buffer-equal/-/buffer-equal-0.0.1.tgz",
      "integrity": "sha1-kbx0sR6kBbyRa8aqkI+q+ltKrEs="
    },
    "charenc": {
      "version": "0.0.2",
      "resolved": "https://registry.npmjs.org/charenc/-/charenc-0.0.2.tgz",
      "integrity": "sha1-wKHS86cJLgN3S/qD8UwPxXkKhmc="
    },
    "combined-stream": {
      "version": "0.0.7",
      "resolved": "https://registry.npmjs.org/combined-stream/-/combined-stream-0.0.7.tgz",
      "integrity": "sha1-ATfmV7qlp1QcV6w3rF/AfXO03B8=",
      "requires": {
        "delayed-stream": "0.0.5"
      }
    },
    "compact2string": {
      "version": "1.4.0",
      "resolved": "https://registry.npmjs.org/compact2string/-/compact2string-1.4.0.tgz",
      "integrity": "sha1-qZzZbqAAUlaEsmloOuIiLW7qe0k=",
      "requires": {
        "ipaddr.js": "1.6.0"
      }
    },
    "concat-map": {
      "version": "0.0.1",
      "resolved": "https://registry.npmjs.org/concat-map/-/concat-map-0.0.1.tgz",
      "integrity": "sha1-2Klr13/Wjfd5OnMDajug1UBdR3s="
    },
    "cookie-jar": {
      "version": "0.2.0",
      "resolved": "https://registry.npmjs.org/cookie-jar/-/cookie-jar-0.2.0.tgz",
      "integrity": "sha1-ZOzAasl423leS1KQy+SLo3gUAPo="
    },
    "core-util-is": {
      "version": "1.0.2",
      "resolved": "https://registry.npmjs.org/core-util-is/-/core-util-is-1.0.2.tgz",
      "integrity": "sha1-tf1UIgqivFq1eqtxQMlAdUUDwac="
    },
    "crypt": {
      "version": "0.0.2",
      "resolved": "https://registry.npmjs.org/crypt/-/crypt-0.0.2.tgz",
      "integrity": "sha1-iNf/fsDfuG9xPch7u0LQRNPmxBs="
    },
    "cryptiles": {
      "version": "0.1.3",
      "resolved": "https://registry.npmjs.org/cryptiles/-/cryptiles-0.1.3.tgz",
      "integrity": "sha1-GlVnNPBtJLo0hirpy55wmjr7/xw=",
      "requires": {
        "boom": "0.3.8"
      }
    },
    "debug": {
      "version": "2.6.9",
      "resolved": "https://registry.npmjs.org/debug/-/debug-2.6.9.tgz",
      "integrity": "sha512-bC7ElrdJaJnPbAP+1EotYvqZsb3ecl5wi6Bfi6BJTUcNowp6cvspg0jXznRTKDjm/E7AdgFBVeAPVMNcKGsHMA==",
      "requires": {
        "ms": "2.0.0"
      }
    },
    "delayed-stream": {
      "version": "0.0.5",
      "resolved": "https://registry.npmjs.org/delayed-stream/-/delayed-stream-0.0.5.tgz",
      "integrity": "sha1-1LH0OpPoKW3+AmlPRoC8N6MTxz8="
    },
    "end-of-stream": {
      "version": "0.1.5",
      "resolved": "https://registry.npmjs.org/end-of-stream/-/end-of-stream-0.1.5.tgz",
      "integrity": "sha1-jhdyBsPICDfYVjLouTWd/osvbq8=",
      "requires": {
        "once": "1.3.3"
      },
      "dependencies": {
        "once": {
          "version": "1.3.3",
          "resolved": "https://registry.npmjs.org/once/-/once-1.3.3.tgz",
          "integrity": "sha1-suJhVXzkwxTsgwTz+oJmPkKXyiA=",
          "requires": {
            "wrappy": "1.0.2"
          }
        }
      }
    },
    "extend.js": {
      "version": "0.0.2",
      "resolved": "https://registry.npmjs.org/extend.js/-/extend.js-0.0.2.tgz",
      "integrity": "sha1-D5x6gaHyCLcD6wwxMf5XFqxuzRU="
    },
    "fifo": {
      "version": "0.1.4",
      "resolved": "https://registry.npmjs.org/fifo/-/fifo-0.1.4.tgz",
      "integrity": "sha1-v0LYfArQewDQlJ0SOI9iiWBuzjQ="
    },
    "flatten": {
      "version": "0.0.1",
      "resolved": "https://registry.npmjs.org/flatten/-/flatten-0.0.1.tgz",
      "integrity": "sha1-VURAdm2goNYDmZ9DNFP2wvxqdcE="
    },
    "forever-agent": {
      "version": "0.2.0",
      "resolved": "https://registry.npmjs.org/forever-agent/-/forever-agent-0.2.0.tgz",
      "integrity": "sha1-4cJcetROCcOPIzh2x2/MJP+EOx8="
    },
    "form-data": {
      "version": "0.0.10",
      "resolved": "https://registry.npmjs.org/form-data/-/form-data-0.0.10.tgz",
      "integrity": "sha1-2zRaU3jYau6x7V1VO4aawZLS9e0=",
      "requires": {
        "async": "0.2.10",
        "combined-stream": "0.0.7",
        "mime": "1.2.11"
      }
    },
    "fs.realpath": {
      "version": "1.0.0",
      "resolved": "https://registry.npmjs.org/fs.realpath/-/fs.realpath-1.0.0.tgz",
      "integrity": "sha1-FQStJSMVjKpA20onh8sBQRmU6k8="
    },
    "fuse-bindings": {
      "version": "2.11.2",
      "resolved": "https://registry.npmjs.org/fuse-bindings/-/fuse-bindings-2.11.2.tgz",
      "integrity": "sha512-53gc5h3VDYY9QmFu4tFU9NgKfR51AgKGhl7Uj1EX63RDU5kiBo2ooDvBiuawlS/iyEprUnzjlcDny1N/VhWNnA==",
      "requires": {
        "nan": "2.8.0",
        "node-gyp-build": "3.2.2",
        "xtend": "4.0.1"
      }
    },
    "glob": {
      "version": "7.1.2",
      "resolved": "https://registry.npmjs.org/glob/-/glob-7.1.2.tgz",
      "integrity": "sha512-MJTUg1kjuLeQCJ+ccE4Vpa6kKVXkPYJ2mOCQyUuKLcLQsdrMCpBPUi8qVE6+YuaJkozeA9NusTAw3hLr8Xe5EQ==",
      "requires": {
        "fs.realpath": "1.0.0",
        "inflight": "1.0.6",
        "inherits": "2.0.3",
        "minimatch": "3.0.4",
        "once": "1.4.0",
        "path-is-absolute": "1.0.1"
      }
    },
    "hat": {
      "version": "0.0.3",
      "resolved": "https://registry.npmjs.org/hat/-/hat-0.0.3.tgz",
      "integrity": "sha1-uwFKnmSzeIrtgAWRdBPU/z1QLYo="
    },
    "hawk": {
      "version": "0.10.2",
      "resolved": "https://registry.npmjs.org/hawk/-/hawk-0.10.2.tgz",
      "integrity": "sha1-mzYd7pWpMWQObVBOBWCaj8OsRdI=",
      "requires": {
        "boom": "0.3.8",
        "cryptiles": "0.1.3",
        "hoek": "0.7.6",
        "sntp": "0.1.4"
      }
    },
    "hoek": {
      "version": "0.7.6",
      "resolved": "https://registry.npmjs.org/hoek/-/hoek-0.7.6.tgz",
      "integrity": "sha1-YPvZBFV1Qc0rh5Wr8wihs3cOFVo="
    },
    "inflight": {
      "version": "1.0.6",
      "resolved": "https://registry.npmjs.org/inflight/-/inflight-1.0.6.tgz",
      "integrity": "sha1-Sb1jMdfQLQwJvJEKEHW6gWW1bfk=",
      "requires": {
        "once": "1.4.0",
        "wrappy": "1.0.2"
      }
    },
    "inherits": {
      "version": "2.0.3",
      "resolved": "https://registry.npmjs.org/inherits/-/inherits-2.0.3.tgz",
      "integrity": "sha1-Yzwsg+PaQqUC9SRmAiSA9CCCYd4="
    },
    "ip": {
      "version": "0.3.3",
      "resolved": "https://registry.npmjs.org/ip/-/ip-0.3.3.tgz",
      "integrity": "sha1-jugwnpLwsEDSh/cu+soaIXAtP7Q="
    },
    "ip-regex": {
      "version": "1.0.3",
      "resolved": "https://registry.npmjs.org/ip-regex/-/ip-regex-1.0.3.tgz",
      "integrity": "sha1-3FiQdvZZ9BnCIgOaMzFvHHOH7/0="
    },
    "ip-set": {
      "version": "1.0.1",
      "resolved": "https://registry.npmjs.org/ip-set/-/ip-set-1.0.1.tgz",
      "integrity": "sha1-Yztm0L1sjQ3paNBTJjyRINO2cn4=",
      "requires": {
        "ip": "1.1.5"
      },
      "dependencies": {
        "ip": {
          "version": "1.1.5",
          "resolved": "https://registry.npmjs.org/ip/-/ip-1.1.5.tgz",
          "integrity": "sha1-vd7XARQpCCjAoDnnLvJfWq7ENUo="
        }
      }
    },
    "ipaddr.js": {
      "version": "1.6.0",
      "resolved": "https://registry.npmjs.org/ipaddr.js/-/ipaddr.js-1.6.0.tgz",
      "integrity": "sha1-4/o1e3c9phnybpXwSdBVxyeW+Gs="
    },
    "is-buffer": {
      "version": "1.1.6",
      "resolved": "https://registry.npmjs.org/is-buffer/-/is-buffer-1.1.6.tgz",
      "integrity": "sha512-NcdALwpXkTm5Zvvbk7owOUSvVvBKDgKP5/ewfXEznmQFfs4ZRmanOeKBTjRVjka3QFoN6XJ+9F3USqfHqTaU5w=="
    },
    "is-ip": {
      "version": "1.0.0",
      "resolved": "https://registry.npmjs.org/is-ip/-/is-ip-1.0.0.tgz",
      "integrity": "sha1-K7aVn3l8zW+f3IEnWLy8h8TFkHQ=",
      "requires": {
        "ip-regex": "1.0.3"
      }
    },
    "isarray": {
      "version": "0.0.1",
      "resolved": "https://registry.npmjs.org/isarray/-/isarray-0.0.1.tgz",
      "integrity": "sha1-ihis/Kmo9Bd+Cav8YDiTmwXR7t8="
    },
    "json-stringify-safe": {
      "version": "3.0.0",
      "resolved": "https://registry.npmjs.org/json-stringify-safe/-/json-stringify-safe-3.0.0.tgz",
      "integrity": "sha1-nbew5TDH8onF6MhDKvGRwv91pbM="
    },
    "k-bucket": {
      "version": "0.5.0",
      "resolved": "https://registry.npmjs.org/k-bucket/-/k-bucket-0.5.0.tgz",
      "integrity": "sha1-MdRi2GzbLo0kVSis/l5xOC9VLh0=",
      "requires": {
        "buffer-equal": "0.0.1"
      }
    },
    "magnet-uri": {
      "version": "2.0.1",
      "resolved": "https://registry.npmjs.org/magnet-uri/-/magnet-uri-2.0.1.tgz",
      "integrity": "sha1-0zHT3804NlZa3g/DyjFeOSF7sgk=",
      "requires": {
        "thirty-two": "0.0.2"
      }
    },
    "md5": {
      "version": "2.2.1",
      "resolved": "https://registry.npmjs.org/md5/-/md5-2.2.1.tgz",
      "integrity": "sha1-U6s41f48iJG6RlMp6iP6wFQBJvk=",
      "requires": {
        "charenc": "0.0.2",
        "crypt": "0.0.2",
        "is-buffer": "1.1.6"
      }
    },
    "mime": {
      "version": "1.2.11",
      "resolved": "https://registry.npmjs.org/mime/-/mime-1.2.11.tgz",
      "integrity": "sha1-WCA+7Ybjpe8XrtK32evUfwpg3RA="
    },
    "minimatch": {
      "version": "3.0.4",
      "resolved": "https://registry.npmjs.org/minimatch/-/minimatch-3.0.4.tgz",
      "integrity": "sha512-yJHVQEhyqPLUTgt9B83PXu6W3rx4MvvHvSUvToogpwoGDOUQ+yDrR0HRot+yOCdCO7u4hX3pWft6kWBBcqh0UA==",
      "requires": {
        "brace-expansion": "1.1.11"
      }
    },
    "minimist": {
      "version": "1.2.0",
      "resolved": "https://registry.npmjs.org/minimist/-/minimist-1.2.0.tgz",
      "integrity": "sha1-o1AIsg9BOD7sH7kU9M1d95omQoQ="
    },
    "mkdirp": {
      "version": "0.5.1",
      "resolved": "https://registry.npmjs.org/mkdirp/-/mkdirp-0.5.1.tgz",
      "integrity": "sha1-MAV0OOrGz3+MR2fzhkjWaX11yQM=",
      "requires": {
        "minimist": "0.0.8"
      },
      "dependencies": {
        "minimist": {
          "version": "0.0.8",
          "resolved": "https://registry.npmjs.org/minimist/-/minimist-0.0.8.tgz",
          "integrity": "sha1-hX/Kv8M5fSYluCKCYuhqp6ARsF0="
        }
      }
    },
    "ms": {
      "version": "2.0.0",
      "resolved": "https://registry.npmjs.org/ms/-/ms-2.0.0.tgz",
      "integrity": "sha1-VgiurfwAvmwpAd9fmGF4jeDVl8g="
    },
    "nan": {
      "version": "2.8.0",
      "resolved": "https://registry.npmjs.org/nan/-/nan-2.8.0.tgz",
      "integrity": "sha1-7XFfP+neArV6XmJS2QqWZ14fCFo="
    },
    "network-address": {
      "version": "1.1.2",
      "resolved": "https://registry.npmjs.org/network-address/-/network-address-1.1.2.tgz",
      "integrity": "sha1-Sqe/1D8D8LgclwKxPWqFjdsybz4="
    },
    "node-gyp-build": {
      "version": "3.2.2",
      "resolved": "https://registry.npmjs.org/node-gyp-build/-/node-gyp-build-3.2.2.tgz",
      "integrity": "sha512-t8W/0UqFGl1c+5ORA3NoT3npU+PxWBL9iPhY7ZySSTszodj3RWexmu8niayWBE0v+0DLARvOXsjaAvfmSEQOyQ=="
    },
    "node-uuid": {
      "version": "1.4.8",
      "resolved": "https://registry.npmjs.org/node-uuid/-/node-uuid-1.4.8.tgz",
      "integrity": "sha1-sEDrCSOWivq/jTL7HxfxFn/auQc="
    },
    "oauth-sign": {
      "version": "0.2.0",
      "resolved": "https://registry.npmjs.org/oauth-sign/-/oauth-sign-0.2.0.tgz",
      "integrity": "sha1-oOahcV2u0GLzIrYit/5a/RA1tuI="
    },
    "once": {
      "version": "1.4.0",
      "resolved": "https://registry.npmjs.org/once/-/once-1.4.0.tgz",
      "integrity": "sha1-WDsap3WWHUsROsF9nFC6753Xa9E=",
      "requires": {
        "wrappy": "1.0.2"
      }
    },
    "parse-torrent": {
      "version": "4.1.0",
      "resolved": "https://registry.npmjs.org/parse-torrent/-/parse-torrent-4.1.0.tgz",
      "integrity": "sha1-qBS9hQXotY6I64/z4tr/XRmnEbc=",
      "requires": {
        "magnet-uri": "4.2.3",
        "parse-torrent-file": "2.1.4"
      },
      "dependencies": {
        "magnet-uri": {
          "version": "4.2.3",
          "resolved": "https://registry.npmjs.org/magnet-uri/-/magnet-uri-4.2.3.tgz",
          "integrity": "sha1-ecxtZaALtbfvXCWuYOu7XZp2gag=",
          "requires": {
            "flatten": "0.0.1",
            "thirty-two": "0.0.2",
            "xtend": "4.0.1"
          }
        }
      }
    },
    "parse-torrent-file": {
      "version": "2.1.4",
      "resolved": "https://registry.npmjs.org/parse-torrent-file/-/parse-torrent-file-2.1.4.tgz",
      "integrity": "sha1-MtS2r95jFCDl9BWRmiIrd0tXVwc=",
      "requires": {
        "bencode": "0.7.0",
        "simple-sha1": "2.1.0"
      }
    },
    "path-is-absolute": {
      "version": "1.0.1",
      "resolved": "https://registry.npmjs.org/path-is-absolute/-/path-is-absolute-1.0.1.tgz",
      "integrity": "sha1-F0uSaHNVNP+8es5r9TpanhtcX18="
    },
    "peer-wire-protocol": {
      "version": "0.7.0",
      "resolved": "https://registry.npmjs.org/peer-wire-protocol/-/peer-wire-protocol-0.7.0.tgz",
      "integrity": "sha1-bAFavyS0h37Z7KOCKyLZlgeAEdo=",
      "requires": {
        "bitfield": "0.1.0",
        "bncode": "0.2.3",
        "readable-stream": "1.1.14",
        "speedometer": "0.1.4"
      },
      "dependencies": {
        "bncode": {
          "version": "0.2.3",
          "resolved": "https://registry.npmjs.org/bncode/-/bncode-0.2.3.tgz",
          "integrity": "sha1-N/hR3I5HGIqD+8D2+kd1ysyaMpY="
        }
      }
    },
    "peer-wire-swarm": {
      "version": "0.9.2",
      "resolved": "https://registry.npmjs.org/peer-wire-swarm/-/peer-wire-swarm-0.9.2.tgz",
      "integrity": "sha1-CShIAFYH2MqU5p+byevlKVbsMEg=",
      "requires": {
        "fifo": "0.1.4",
        "once": "1.4.0",
        "peer-wire-protocol": "0.7.0",
        "speedometer": "0.1.4"
      }
    },
    "portfinder": {
      "version": "0.3.0",
      "resolved": "https://registry.npmjs.org/portfinder/-/portfinder-0.3.0.tgz",
      "integrity": "sha1-+fLJaJREDFtRE7hOCtEBMEK3wqA=",
      "requires": {
        "mkdirp": "0.0.7"
      },
      "dependencies": {
        "mkdirp": {
          "version": "0.0.7",
          "resolved": "https://registry.npmjs.org/mkdirp/-/mkdirp-0.0.7.tgz",
          "integrity": "sha1-2JtPDkw+XlylQjWTFnXglP4aUHI="
        }
      }
    },
    "prettysize": {
      "version": "0.0.3",
      "resolved": "https://registry.npmjs.org/prettysize/-/prettysize-0.0.3.tgz",
      "integrity": "sha1-FK//amReWRpN3xxykZwjtBRhgaE="
    },
    "qs": {
      "version": "0.5.6",
      "resolved": "https://registry.npmjs.org/qs/-/qs-0.5.6.tgz",
      "integrity": "sha1-MbGtBYVnZRxSaSFQa5qHk5EaA4Q="
    },
    "random-access-file": {
      "version": "0.3.2",
      "resolved": "https://registry.npmjs.org/random-access-file/-/random-access-file-0.3.2.tgz",
      "integrity": "sha1-y8okbhMdt7aKHGu2Mo3U0JlxAKA=",
      "requires": {
        "thunky": "0.1.0"
      }
    },
    "read-torrent": {
      "version": "1.3.0",
      "resolved": "https://registry.npmjs.org/read-torrent/-/read-torrent-1.3.0.tgz",
      "integrity": "sha1-Tg71vqbLJNMYQ+tvqFQ60CMqufQ=",
      "requires": {
        "magnet-uri": "2.0.1",
        "parse-torrent": "4.1.0",
        "request": "2.16.6",
        "xtend": "4.0.1"
      }
    },
    "readable-stream": {
      "version": "1.1.14",
      "resolved": "https://registry.npmjs.org/readable-stream/-/readable-stream-1.1.14.tgz",
      "integrity": "sha1-fPTFTvZI44EwhMY23SB54WbAgdk=",
      "requires": {
        "core-util-is": "1.0.2",
        "inherits": "2.0.3",
        "isarray": "0.0.1",
        "string_decoder": "0.10.31"
      }
    },
    "request": {
      "version": "2.16.6",
      "resolved": "https://registry.npmjs.org/request/-/request-2.16.6.tgz",
      "integrity": "sha1-hy/kRa5y3iZrN4edatfclI+gHK0=",
      "requires": {
        "aws-sign": "0.2.0",
        "cookie-jar": "0.2.0",
        "forever-agent": "0.2.0",
        "form-data": "0.0.10",
        "hawk": "0.10.2",
        "json-stringify-safe": "3.0.0",
        "mime": "1.2.11",
        "node-uuid": "1.4.8",
        "oauth-sign": "0.2.0",
        "qs": "0.5.6",
        "tunnel-agent": "0.2.0"
      }
    },
    "rimraf": {
      "version": "2.6.2",
      "resolved": "https://registry.npmjs.org/rimraf/-/rimraf-2.6.2.tgz",
      "integrity": "sha512-lreewLK/BlghmxtfH36YYVg1i8IAce4TI7oao75I1g245+6BctqTVQiBP3YUJ9C6DQOXJmkYR9X9fCLtCOJc5w==",
      "requires": {
        "glob": "7.1.2"
      }
    },
    "run-parallel": {
      "version": "1.1.6",
      "resolved": "https://registry.npmjs.org/run-parallel/-/run-parallel-1.1.6.tgz",
      "integrity": "sha1-KQA8miFj4B4tLfyQV18sbB1hoDk="
    },
    "run-series": {
      "version": "1.1.4",
      "resolved": "https://registry.npmjs.org/run-series/-/run-series-1.1.4.tgz",
      "integrity": "sha1-iac93F51ye+KtjIMChYA1qQRebk="
    },
    "rusha": {
      "version": "0.8.12",
      "resolved": "https://registry.npmjs.org/rusha/-/rusha-0.8.12.tgz",
      "integrity": "sha1-XYOM4fzosUVnTudx6q1byyV15ks="
    },
    "simple-get": {
      "version": "1.4.3",
      "resolved": "https://registry.npmjs.org/simple-get/-/simple-get-1.4.3.tgz",
      "integrity": "sha1-6XVe2kB+ltpAxeUVjJ6jezO+y+s=",
      "requires": {
        "once": "1.4.0",
        "unzip-response": "1.0.2",
        "xtend": "4.0.1"
      }
    },
    "simple-sha1": {
      "version": "2.1.0",
      "resolved": "https://registry.npmjs.org/simple-sha1/-/simple-sha1-2.1.0.tgz",
      "integrity": "sha1-lCe7lv8SY8wQqEFM7dUaGLkZ6LM=",
      "requires": {
        "rusha": "0.8.12"
      }
    },
    "single-line-log": {
      "version": "0.4.1",
      "resolved": "https://registry.npmjs.org/single-line-log/-/single-line-log-0.4.1.tgz",
      "integrity": "sha1-h6VWSfdJ14PsDc2AToFA2Yc8fO4="
    },
    "sntp": {
      "version": "0.1.4",
      "resolved": "https://registry.npmjs.org/sntp/-/sntp-0.1.4.tgz",
      "integrity": "sha1-XvSBuVGnspr/30r9fyaDj8ESD4Q=",
      "requires": {
        "hoek": "0.7.6"
      }
    },
    "speedometer": {
      "version": "0.1.4",
      "resolved": "https://registry.npmjs.org/speedometer/-/speedometer-0.1.4.tgz",
      "integrity": "sha1-mHbb0qFp0xFUAtSObqYynIgWpQ0="
    },
    "string2compact": {
      "version": "1.2.2",
      "resolved": "https://registry.npmjs.org/string2compact/-/string2compact-1.2.2.tgz",
      "integrity": "sha1-Qgs6nuHEaFSRm0oq6sZcQ/pQWXs=",
      "requires": {
        "addr-to-ip-port": "1.4.2",
        "ipaddr.js": "1.6.0"
      }
    },
    "string_decoder": {
      "version": "0.10.31",
      "resolved": "https://registry.npmjs.org/string_decoder/-/string_decoder-0.10.31.tgz",
      "integrity": "sha1-YuIDvEF2bGwoyfyEMB2rHFMQ+pQ="
    },
    "thirty-two": {
      "version": "0.0.2",
      "resolved": "https://registry.npmjs.org/thirty-two/-/thirty-two-0.0.2.tgz",
      "integrity": "sha1-QlPinYywWPBIAmfFaYwOSSflS2o="
    },
    "thunky": {
      "version": "0.1.0",
      "resolved": "https://registry.npmjs.org/thunky/-/thunky-0.1.0.tgz",
      "integrity": "sha1-vzAUaCTituZ7Dy16Ssi+smkIaE4="
    },
    "torrent-mount": {
      "version": "1.4.2",
      "resolved": "https://registry.npmjs.org/torrent-mount/-/torrent-mount-1.4.2.tgz",
      "integrity": "sha1-3YqRF+5mfVFXkyDgKcsUU2GY76o=",
      "requires": {
        "fuse-bindings": "2.11.2",
        "minimist": "1.2.0",
        "mkdirp": "0.5.1",
        "prettysize": "0.0.3",
        "read-torrent": "1.3.0",
        "single-line-log": "0.4.1",
        "torrent-stream": "0.18.1"
      }
    },
    "torrent-stream": {
      "version": "0.18.1",
      "resolved": "https://registry.npmjs.org/torrent-stream/-/torrent-stream-0.18.1.tgz",
      "integrity": "sha1-4ujKRNgfFvvlZG4OuwX1QY/qm/Y=",
      "requires": {
        "bitfield": "0.1.0",
        "bittorrent-dht": "3.2.6",
        "bittorrent-tracker": "2.12.1",
        "bncode": "0.5.3",
        "compact2string": "1.4.0",
        "end-of-stream": "0.1.5",
        "hat": "0.0.3",
        "ip": "0.3.3",
        "ip-set": "1.0.1",
        "magnet-uri": "2.0.1",
        "mkdirp": "0.3.5",
        "parse-torrent": "4.1.0",
        "peer-wire-swarm": "0.9.2",
        "random-access-file": "0.3.2",
        "rimraf": "2.6.2",
        "thunky": "0.1.0"
      },
      "dependencies": {
        "mkdirp": {
          "version": "0.3.5",
          "resolved": "https://registry.npmjs.org/mkdirp/-/mkdirp-0.3.5.tgz",
          "integrity": "sha1-3j5fiWHIjHh+4TaN+EmsRBPsqNc="
        }
      }
    },
    "tunnel-agent": {
      "version": "0.2.0",
      "resolved": "https://registry.npmjs.org/tunnel-agent/-/tunnel-agent-0.2.0.tgz",
      "integrity": "sha1-aFPCr7GyEJ5FYp5JK9419Fnqaeg="
    },
    "unzip-response": {
      "version": "1.0.2",
      "resolved": "https://registry.npmjs.org/unzip-response/-/unzip-response-1.0.2.tgz",
      "integrity": "sha1-uYTwh3/AqJwsdzzB73tbIytbBv4="
    },
    "wrappy": {
      "version": "1.0.2",
      "resolved": "https://registry.npmjs.org/wrappy/-/wrappy-1.0.2.tgz",
      "integrity": "sha1-tSQ9jz7BqjXxNkYFvA0QNuMKtp8="
    },
    "xtend": {
      "version": "4.0.1",
      "resolved": "https://registry.npmjs.org/xtend/-/xtend-4.0.1.tgz",
      "integrity": "sha1-pcbVMr5lbiPbgg77lDofBJmNY68="
    }
  }
}
